{
  "name": "rails-graphql-spike",
  "requires": true,
  "lockfileVersion": 1,
  "dependencies": {
    "babel-plugin-syntax-flow": {
      "version": "6.18.0",
      "resolved": "https://registry.npmjs.org/babel-plugin-syntax-flow/-/babel-plugin-syntax-flow-6.18.0.tgz",
      "integrity": "sha1-TDqyCiryaqIM0lmVw5jE63AxDI0=",
      "dev": true
    },
    "babel-plugin-transform-flow-strip-types": {
      "version": "6.22.0",
      "resolved": "https://registry.npmjs.org/babel-plugin-transform-flow-strip-types/-/babel-plugin-transform-flow-strip-types-6.22.0.tgz",
      "integrity": "sha1-hMtnKTXUNxT9wyvOhFaNh0Qc988=",
      "dev": true,
      "requires": {
        "babel-plugin-syntax-flow": "6.18.0",
        "babel-runtime": "6.25.0"
      }
    },
    "babel-runtime": {
      "version": "6.25.0",
      "resolved": "https://registry.npmjs.org/babel-runtime/-/babel-runtime-6.25.0.tgz",
      "integrity": "sha1-M7mOql1IK7AajRqmtDetKwGuxBw=",
      "dev": true,
      "requires": {
        "core-js": "2.4.1",
        "regenerator-runtime": "0.10.5"
      }
    },
    "child-process": {
      "version": "1.0.2",
      "resolved": "https://registry.npmjs.org/child-process/-/child-process-1.0.2.tgz",
      "integrity": "sha1-mJdNx+0e5MYin44wX6cxOmiFp/I=",
      "dev": true
    },
    "core-js": {
      "version": "2.4.1",
      "resolved": "https://registry.npmjs.org/core-js/-/core-js-2.4.1.tgz",
      "integrity": "sha1-TekR5mew6ukSTjQlS1OupvxhjT4=",
      "dev": true
    },
    "flow-bin": {
      "version": "0.51.1",
      "resolved": "https://registry.npmjs.org/flow-bin/-/flow-bin-0.51.1.tgz",
      "integrity": "sha1-eSnG8KlOdlQp/LLubkaCePqpxzI=",
      "dev": true
    },
    "flow-bin-loader": {
      "version": "1.0.2",
      "resolved": "https://registry.npmjs.org/flow-bin-loader/-/flow-bin-loader-1.0.2.tgz",
      "integrity": "sha1-5c6CL/S51tXYJnAk21OnaYNIC+M=",
      "dev": true,
      "requires": {
        "child-process": "1.0.2"
      }
    },
    "regenerator-runtime": {
      "version": "0.10.5",
      "resolved": "https://registry.npmjs.org/regenerator-runtime/-/regenerator-runtime-0.10.5.tgz",
      "integrity": "sha1-M2w+/BIgrc7dosn6tntaeVWjNlg=",
      "dev": true
    }
  }
}
